
Microsoft Visual Studio Solution File, Format Version 12.00
# Visual Studio 15
VisualStudioVersion = 15.0.27004.2009
MinimumVisualStudioVersion = 10.0.40219.1
Project("{2150E333-8FDC-42A3-9474-1A3956D46DE8}") = "Games", "Games", "{54D92B9E-49A9-486C-B4D4-258CAEA79EE3}"
EndProject
Project("{2150E333-8FDC-42A3-9474-1A3956D46DE8}") = "Minefield", "Minefield", "{17D0692F-E00F-4E34-B387-D7E0476BDEA2}"
EndProject
Project("{9A19103F-16F7-4668-BE54-9A1E7A4F7556}") = "Akka.Quartz.Actor", "src\common\Akka.Quartz.Actor\Akka.Quartz.Actor.csproj", "{333B4824-1DF0-4FF2-8AF4-AF23F12988A4}"
EndProject
Project("{2150E333-8FDC-42A3-9474-1A3956D46DE8}") = "App", "App", "{9E9D1513-E803-4F15-BFC2-AAC39F606B14}"
EndProject
Project("{9A19103F-16F7-4668-BE54-9A1E7A4F7556}") = "Game.Minefield", "src\gameapps\Game.Minefield\Game.Minefield.csproj", "{88F57CFE-0C3C-4DA8-8EFB-0A6883B74B6C}"
EndProject
Project("{9A19103F-16F7-4668-BE54-9A1E7A4F7556}") = "Game.Minefield.Contracts", "src\gameapps\Game.Minefield.Contracts\Game.Minefield.Contracts.csproj", "{0046F557-B9E1-4074-8C77-50A590B851B0}"
EndProject
Project("{9A19103F-16F7-4668-BE54-9A1E7A4F7556}") = "Game.Minefield.Tests", "src\gameapps\Game.Minefield.Tests\Game.Minefield.Tests.csproj", "{B7FDDC12-BA69-4FEB-B8E2-41799921F1AC}"
EndProject
Project("{9A19103F-16F7-4668-BE54-9A1E7A4F7556}") = "Shared", "src\common\Shared\Shared.csproj", "{C71B3D5A-D72A-4356-A60E-783DFC175AFF}"
EndProject
Project("{2150E333-8FDC-42A3-9474-1A3956D46DE8}") = "Common", "Common", "{F3B7471E-7DA8-4908-8EB5-03FB841722C1}"
EndProject
Project("{9A19103F-16F7-4668-BE54-9A1E7A4F7556}") = "AppServer", "src\app\AppServer\AppServer.csproj", "{C9ED1518-9DFD-404C-8F83-D0C9C69BACD4}"
EndProject
Project("{9A19103F-16F7-4668-BE54-9A1E7A4F7556}") = "Payment", "src\app\Payment\Payment.csproj", "{2E925527-880A-43E7-9009-8FEB92E955A3}"
EndProject
Project("{9A19103F-16F7-4668-BE54-9A1E7A4F7556}") = "Payment.Contracts", "src\app\Payment.Contracts\Payment.Contracts.csproj", "{886172EC-DBCF-4296-A1BA-9970907982F5}"
EndProject
Project("{9A19103F-16F7-4668-BE54-9A1E7A4F7556}") = "AppServer.Tests", "src\app\Payment.Tests\AppServer.Tests.csproj", "{7B8F2025-0ACB-4C9C-8E02-0665C4867D54}"
EndProject
Project("{9A19103F-16F7-4668-BE54-9A1E7A4F7556}") = "Persistance", "src\app\Persistance\Persistance.csproj", "{F25E4691-AA74-47A7-A25F-F375CCC21720}"
EndProject
Project("{9A19103F-16F7-4668-BE54-9A1E7A4F7556}") = "Web", "src\app\Web\Web.csproj", "{2FC2B012-CA3E-4A4F-9784-D8811248B865}"
EndProject
Project("{9A19103F-16F7-4668-BE54-9A1E7A4F7556}") = "WebApi", "src\app\WebApi\WebApi.csproj", "{92643788-1F7D-48F3-8C43-62D106541DB1}"
EndProject
Project("{9A19103F-16F7-4668-BE54-9A1E7A4F7556}") = "WebApi.Tests", "src\app\WebApi.Tests\WebApi.Tests.csproj", "{45E1684D-D2A5-42F6-9B87-5AB9BD9CA2A9}"
EndProject
Project("{2150E333-8FDC-42A3-9474-1A3956D46DE8}") = "Payments", "Payments", "{EF48CD01-35FB-4B06-A360-4A3006BD71F4}"
EndProject
Project("{FAE04EC0-301F-11D3-BF4B-00C04F79EFBC}") = "Shared.Providers", "src\common\Shared.Providers\Shared.Providers.csproj", "{90798A89-739A-4DD0-9355-85C0142509F4}"
EndProject
Project("{FAE04EC0-301F-11D3-BF4B-00C04F79EFBC}") = "WebApi.Providers", "src\app\WebApi.Providers\WebApi.Providers.csproj", "{0642E551-AFFA-49CD-B467-7C022597681B}"
EndProject
Project("{2150E333-8FDC-42A3-9474-1A3956D46DE8}") = "Web", "Web", "{1249AD30-B274-4257-A6B0-A8BE11330447}"
EndProject
Project("{FAE04EC0-301F-11D3-BF4B-00C04F79EFBC}") = "WebApi.Configuration", "src\app\WebApi.Configuration\WebApi.Configuration.csproj", "{78618B88-AFFD-478C-AEE4-E469916FEF53}"
EndProject
Project("{2150E333-8FDC-42A3-9474-1A3956D46DE8}") = "Server", "Server", "{FA062B0B-D579-4F6B-8621-AD8263DAA421}"
EndProject
Project("{2150E333-8FDC-42A3-9474-1A3956D46DE8}") = "Chat", "Chat", "{A2ACADC2-B680-456A-9AE3-CD63D7A4A5B3}"
EndProject
Project("{FAE04EC0-301F-11D3-BF4B-00C04F79EFBC}") = "Chat", "src\app\Chat\Chat\Chat.csproj", "{ADFD90C3-94A7-4F56-A067-E42BC8B82A4F}"
EndProject
Project("{FAE04EC0-301F-11D3-BF4B-00C04F79EFBC}") = "Chat.Contracts", "src\app\Chat\Chat.Contracts\Chat.Contracts.csproj", "{37A0B05E-C4E9-466A-920C-44C2A0330A1E}"
EndProject
Global
	GlobalSection(SolutionConfigurationPlatforms) = preSolution
		Debug|Any CPU = Debug|Any CPU
		Debug|x64 = Debug|x64
		Debug|x86 = Debug|x86
		Release|Any CPU = Release|Any CPU
		Release|x64 = Release|x64
		Release|x86 = Release|x86
		UAT|Any CPU = UAT|Any CPU
		UAT|x64 = UAT|x64
		UAT|x86 = UAT|x86
	EndGlobalSection
	GlobalSection(ProjectConfigurationPlatforms) = postSolution
		{333B4824-1DF0-4FF2-8AF4-AF23F12988A4}.Debug|Any CPU.ActiveCfg = Debug|Any CPU
		{333B4824-1DF0-4FF2-8AF4-AF23F12988A4}.Debug|Any CPU.Build.0 = Debug|Any CPU
		{333B4824-1DF0-4FF2-8AF4-AF23F12988A4}.Debug|x64.ActiveCfg = Debug|Any CPU
		{333B4824-1DF0-4FF2-8AF4-AF23F12988A4}.Debug|x64.Build.0 = Debug|Any CPU
		{333B4824-1DF0-4FF2-8AF4-AF23F12988A4}.Debug|x86.ActiveCfg = Debug|Any CPU
		{333B4824-1DF0-4FF2-8AF4-AF23F12988A4}.Debug|x86.Build.0 = Debug|Any CPU
		{333B4824-1DF0-4FF2-8AF4-AF23F12988A4}.Release|Any CPU.ActiveCfg = Release|Any CPU
		{333B4824-1DF0-4FF2-8AF4-AF23F12988A4}.Release|Any CPU.Build.0 = Release|Any CPU
		{333B4824-1DF0-4FF2-8AF4-AF23F12988A4}.Release|x64.ActiveCfg = Release|Any CPU
		{333B4824-1DF0-4FF2-8AF4-AF23F12988A4}.Release|x64.Build.0 = Release|Any CPU
		{333B4824-1DF0-4FF2-8AF4-AF23F12988A4}.Release|x86.ActiveCfg = Release|Any CPU
		{333B4824-1DF0-4FF2-8AF4-AF23F12988A4}.Release|x86.Build.0 = Release|Any CPU
		{333B4824-1DF0-4FF2-8AF4-AF23F12988A4}.UAT|Any CPU.ActiveCfg = Debug|Any CPU
		{333B4824-1DF0-4FF2-8AF4-AF23F12988A4}.UAT|Any CPU.Build.0 = Debug|Any CPU
		{333B4824-1DF0-4FF2-8AF4-AF23F12988A4}.UAT|x64.ActiveCfg = Debug|Any CPU
		{333B4824-1DF0-4FF2-8AF4-AF23F12988A4}.UAT|x64.Build.0 = Debug|Any CPU
		{333B4824-1DF0-4FF2-8AF4-AF23F12988A4}.UAT|x86.ActiveCfg = Debug|Any CPU
		{333B4824-1DF0-4FF2-8AF4-AF23F12988A4}.UAT|x86.Build.0 = Debug|Any CPU
		{88F57CFE-0C3C-4DA8-8EFB-0A6883B74B6C}.Debug|Any CPU.ActiveCfg = Debug|Any CPU
		{88F57CFE-0C3C-4DA8-8EFB-0A6883B74B6C}.Debug|Any CPU.Build.0 = Debug|Any CPU
		{88F57CFE-0C3C-4DA8-8EFB-0A6883B74B6C}.Debug|x64.ActiveCfg = Debug|Any CPU
		{88F57CFE-0C3C-4DA8-8EFB-0A6883B74B6C}.Debug|x64.Build.0 = Debug|Any CPU
		{88F57CFE-0C3C-4DA8-8EFB-0A6883B74B6C}.Debug|x86.ActiveCfg = Debug|Any CPU
		{88F57CFE-0C3C-4DA8-8EFB-0A6883B74B6C}.Debug|x86.Build.0 = Debug|Any CPU
		{88F57CFE-0C3C-4DA8-8EFB-0A6883B74B6C}.Release|Any CPU.ActiveCfg = Release|Any CPU
		{88F57CFE-0C3C-4DA8-8EFB-0A6883B74B6C}.Release|Any CPU.Build.0 = Release|Any CPU
		{88F57CFE-0C3C-4DA8-8EFB-0A6883B74B6C}.Release|x64.ActiveCfg = Release|Any CPU
		{88F57CFE-0C3C-4DA8-8EFB-0A6883B74B6C}.Release|x64.Build.0 = Release|Any CPU
		{88F57CFE-0C3C-4DA8-8EFB-0A6883B74B6C}.Release|x86.ActiveCfg = Release|Any CPU
		{88F57CFE-0C3C-4DA8-8EFB-0A6883B74B6C}.Release|x86.Build.0 = Release|Any CPU
		{88F57CFE-0C3C-4DA8-8EFB-0A6883B74B6C}.UAT|Any CPU.ActiveCfg = Debug|Any CPU
		{88F57CFE-0C3C-4DA8-8EFB-0A6883B74B6C}.UAT|Any CPU.Build.0 = Debug|Any CPU
		{88F57CFE-0C3C-4DA8-8EFB-0A6883B74B6C}.UAT|x64.ActiveCfg = Debug|Any CPU
		{88F57CFE-0C3C-4DA8-8EFB-0A6883B74B6C}.UAT|x64.Build.0 = Debug|Any CPU
		{88F57CFE-0C3C-4DA8-8EFB-0A6883B74B6C}.UAT|x86.ActiveCfg = Debug|Any CPU
		{88F57CFE-0C3C-4DA8-8EFB-0A6883B74B6C}.UAT|x86.Build.0 = Debug|Any CPU
		{0046F557-B9E1-4074-8C77-50A590B851B0}.Debug|Any CPU.ActiveCfg = Debug|Any CPU
		{0046F557-B9E1-4074-8C77-50A590B851B0}.Debug|Any CPU.Build.0 = Debug|Any CPU
		{0046F557-B9E1-4074-8C77-50A590B851B0}.Debug|x64.ActiveCfg = Debug|Any CPU
		{0046F557-B9E1-4074-8C77-50A590B851B0}.Debug|x64.Build.0 = Debug|Any CPU
		{0046F557-B9E1-4074-8C77-50A590B851B0}.Debug|x86.ActiveCfg = Debug|Any CPU
		{0046F557-B9E1-4074-8C77-50A590B851B0}.Debug|x86.Build.0 = Debug|Any CPU
		{0046F557-B9E1-4074-8C77-50A590B851B0}.Release|Any CPU.ActiveCfg = Release|Any CPU
		{0046F557-B9E1-4074-8C77-50A590B851B0}.Release|Any CPU.Build.0 = Release|Any CPU
		{0046F557-B9E1-4074-8C77-50A590B851B0}.Release|x64.ActiveCfg = Release|Any CPU
		{0046F557-B9E1-4074-8C77-50A590B851B0}.Release|x64.Build.0 = Release|Any CPU
		{0046F557-B9E1-4074-8C77-50A590B851B0}.Release|x86.ActiveCfg = Release|Any CPU
		{0046F557-B9E1-4074-8C77-50A590B851B0}.Release|x86.Build.0 = Release|Any CPU
		{0046F557-B9E1-4074-8C77-50A590B851B0}.UAT|Any CPU.ActiveCfg = Debug|Any CPU
		{0046F557-B9E1-4074-8C77-50A590B851B0}.UAT|Any CPU.Build.0 = Debug|Any CPU
		{0046F557-B9E1-4074-8C77-50A590B851B0}.UAT|x64.ActiveCfg = Debug|Any CPU
		{0046F557-B9E1-4074-8C77-50A590B851B0}.UAT|x64.Build.0 = Debug|Any CPU
		{0046F557-B9E1-4074-8C77-50A590B851B0}.UAT|x86.ActiveCfg = Debug|Any CPU
		{0046F557-B9E1-4074-8C77-50A590B851B0}.UAT|x86.Build.0 = Debug|Any CPU
		{B7FDDC12-BA69-4FEB-B8E2-41799921F1AC}.Debug|Any CPU.ActiveCfg = Debug|Any CPU
		{B7FDDC12-BA69-4FEB-B8E2-41799921F1AC}.Debug|Any CPU.Build.0 = Debug|Any CPU
		{B7FDDC12-BA69-4FEB-B8E2-41799921F1AC}.Debug|x64.ActiveCfg = Debug|Any CPU
		{B7FDDC12-BA69-4FEB-B8E2-41799921F1AC}.Debug|x64.Build.0 = Debug|Any CPU
		{B7FDDC12-BA69-4FEB-B8E2-41799921F1AC}.Debug|x86.ActiveCfg = Debug|Any CPU
		{B7FDDC12-BA69-4FEB-B8E2-41799921F1AC}.Debug|x86.Build.0 = Debug|Any CPU
		{B7FDDC12-BA69-4FEB-B8E2-41799921F1AC}.Release|Any CPU.ActiveCfg = Release|Any CPU
		{B7FDDC12-BA69-4FEB-B8E2-41799921F1AC}.Release|Any CPU.Build.0 = Release|Any CPU
		{B7FDDC12-BA69-4FEB-B8E2-41799921F1AC}.Release|x64.ActiveCfg = Release|Any CPU
		{B7FDDC12-BA69-4FEB-B8E2-41799921F1AC}.Release|x64.Build.0 = Release|Any CPU
		{B7FDDC12-BA69-4FEB-B8E2-41799921F1AC}.Release|x86.ActiveCfg = Release|Any CPU
		{B7FDDC12-BA69-4FEB-B8E2-41799921F1AC}.Release|x86.Build.0 = Release|Any CPU
		{B7FDDC12-BA69-4FEB-B8E2-41799921F1AC}.UAT|Any CPU.ActiveCfg = Debug|Any CPU
		{B7FDDC12-BA69-4FEB-B8E2-41799921F1AC}.UAT|Any CPU.Build.0 = Debug|Any CPU
		{B7FDDC12-BA69-4FEB-B8E2-41799921F1AC}.UAT|x64.ActiveCfg = Debug|Any CPU
		{B7FDDC12-BA69-4FEB-B8E2-41799921F1AC}.UAT|x64.Build.0 = Debug|Any CPU
		{B7FDDC12-BA69-4FEB-B8E2-41799921F1AC}.UAT|x86.ActiveCfg = Debug|Any CPU
		{B7FDDC12-BA69-4FEB-B8E2-41799921F1AC}.UAT|x86.Build.0 = Debug|Any CPU
		{C71B3D5A-D72A-4356-A60E-783DFC175AFF}.Debug|Any CPU.ActiveCfg = Debug|Any CPU
		{C71B3D5A-D72A-4356-A60E-783DFC175AFF}.Debug|Any CPU.Build.0 = Debug|Any CPU
		{C71B3D5A-D72A-4356-A60E-783DFC175AFF}.Debug|x64.ActiveCfg = Debug|Any CPU
		{C71B3D5A-D72A-4356-A60E-783DFC175AFF}.Debug|x64.Build.0 = Debug|Any CPU
		{C71B3D5A-D72A-4356-A60E-783DFC175AFF}.Debug|x86.ActiveCfg = Debug|Any CPU
		{C71B3D5A-D72A-4356-A60E-783DFC175AFF}.Debug|x86.Build.0 = Debug|Any CPU
		{C71B3D5A-D72A-4356-A60E-783DFC175AFF}.Release|Any CPU.ActiveCfg = Release|Any CPU
		{C71B3D5A-D72A-4356-A60E-783DFC175AFF}.Release|Any CPU.Build.0 = Release|Any CPU
		{C71B3D5A-D72A-4356-A60E-783DFC175AFF}.Release|x64.ActiveCfg = Release|Any CPU
		{C71B3D5A-D72A-4356-A60E-783DFC175AFF}.Release|x64.Build.0 = Release|Any CPU
		{C71B3D5A-D72A-4356-A60E-783DFC175AFF}.Release|x86.ActiveCfg = Release|Any CPU
		{C71B3D5A-D72A-4356-A60E-783DFC175AFF}.Release|x86.Build.0 = Release|Any CPU
		{C71B3D5A-D72A-4356-A60E-783DFC175AFF}.UAT|Any CPU.ActiveCfg = Debug|Any CPU
		{C71B3D5A-D72A-4356-A60E-783DFC175AFF}.UAT|Any CPU.Build.0 = Debug|Any CPU
		{C71B3D5A-D72A-4356-A60E-783DFC175AFF}.UAT|x64.ActiveCfg = Debug|Any CPU
		{C71B3D5A-D72A-4356-A60E-783DFC175AFF}.UAT|x64.Build.0 = Debug|Any CPU
		{C71B3D5A-D72A-4356-A60E-783DFC175AFF}.UAT|x86.ActiveCfg = Debug|Any CPU
		{C71B3D5A-D72A-4356-A60E-783DFC175AFF}.UAT|x86.Build.0 = Debug|Any CPU
		{C9ED1518-9DFD-404C-8F83-D0C9C69BACD4}.Debug|Any CPU.ActiveCfg = Debug|Any CPU
		{C9ED1518-9DFD-404C-8F83-D0C9C69BACD4}.Debug|Any CPU.Build.0 = Debug|Any CPU
		{C9ED1518-9DFD-404C-8F83-D0C9C69BACD4}.Debug|x64.ActiveCfg = Debug|Any CPU
		{C9ED1518-9DFD-404C-8F83-D0C9C69BACD4}.Debug|x64.Build.0 = Debug|Any CPU
		{C9ED1518-9DFD-404C-8F83-D0C9C69BACD4}.Debug|x86.ActiveCfg = Debug|Any CPU
		{C9ED1518-9DFD-404C-8F83-D0C9C69BACD4}.Debug|x86.Build.0 = Debug|Any CPU
		{C9ED1518-9DFD-404C-8F83-D0C9C69BACD4}.Release|Any CPU.ActiveCfg = Release|Any CPU
		{C9ED1518-9DFD-404C-8F83-D0C9C69BACD4}.Release|Any CPU.Build.0 = Release|Any CPU
		{C9ED1518-9DFD-404C-8F83-D0C9C69BACD4}.Release|x64.ActiveCfg = Release|Any CPU
		{C9ED1518-9DFD-404C-8F83-D0C9C69BACD4}.Release|x64.Build.0 = Release|Any CPU
		{C9ED1518-9DFD-404C-8F83-D0C9C69BACD4}.Release|x86.ActiveCfg = Release|Any CPU
		{C9ED1518-9DFD-404C-8F83-D0C9C69BACD4}.Release|x86.Build.0 = Release|Any CPU
		{C9ED1518-9DFD-404C-8F83-D0C9C69BACD4}.UAT|Any CPU.ActiveCfg = Debug|Any CPU
		{C9ED1518-9DFD-404C-8F83-D0C9C69BACD4}.UAT|Any CPU.Build.0 = Debug|Any CPU
		{C9ED1518-9DFD-404C-8F83-D0C9C69BACD4}.UAT|x64.ActiveCfg = Debug|Any CPU
		{C9ED1518-9DFD-404C-8F83-D0C9C69BACD4}.UAT|x64.Build.0 = Debug|Any CPU
		{C9ED1518-9DFD-404C-8F83-D0C9C69BACD4}.UAT|x86.ActiveCfg = Debug|Any CPU
		{C9ED1518-9DFD-404C-8F83-D0C9C69BACD4}.UAT|x86.Build.0 = Debug|Any CPU
		{2E925527-880A-43E7-9009-8FEB92E955A3}.Debug|Any CPU.ActiveCfg = Debug|Any CPU
		{2E925527-880A-43E7-9009-8FEB92E955A3}.Debug|Any CPU.Build.0 = Debug|Any CPU
		{2E925527-880A-43E7-9009-8FEB92E955A3}.Debug|x64.ActiveCfg = Debug|Any CPU
		{2E925527-880A-43E7-9009-8FEB92E955A3}.Debug|x64.Build.0 = Debug|Any CPU
		{2E925527-880A-43E7-9009-8FEB92E955A3}.Debug|x86.ActiveCfg = Debug|Any CPU
		{2E925527-880A-43E7-9009-8FEB92E955A3}.Debug|x86.Build.0 = Debug|Any CPU
		{2E925527-880A-43E7-9009-8FEB92E955A3}.Release|Any CPU.ActiveCfg = Release|Any CPU
		{2E925527-880A-43E7-9009-8FEB92E955A3}.Release|Any CPU.Build.0 = Release|Any CPU
		{2E925527-880A-43E7-9009-8FEB92E955A3}.Release|x64.ActiveCfg = Release|Any CPU
		{2E925527-880A-43E7-9009-8FEB92E955A3}.Release|x64.Build.0 = Release|Any CPU
		{2E925527-880A-43E7-9009-8FEB92E955A3}.Release|x86.ActiveCfg = Release|Any CPU
		{2E925527-880A-43E7-9009-8FEB92E955A3}.Release|x86.Build.0 = Release|Any CPU
		{2E925527-880A-43E7-9009-8FEB92E955A3}.UAT|Any CPU.ActiveCfg = Debug|Any CPU
		{2E925527-880A-43E7-9009-8FEB92E955A3}.UAT|Any CPU.Build.0 = Debug|Any CPU
		{2E925527-880A-43E7-9009-8FEB92E955A3}.UAT|x64.ActiveCfg = Debug|Any CPU
		{2E925527-880A-43E7-9009-8FEB92E955A3}.UAT|x64.Build.0 = Debug|Any CPU
		{2E925527-880A-43E7-9009-8FEB92E955A3}.UAT|x86.ActiveCfg = Debug|Any CPU
		{2E925527-880A-43E7-9009-8FEB92E955A3}.UAT|x86.Build.0 = Debug|Any CPU
		{886172EC-DBCF-4296-A1BA-9970907982F5}.Debug|Any CPU.ActiveCfg = Debug|Any CPU
		{886172EC-DBCF-4296-A1BA-9970907982F5}.Debug|Any CPU.Build.0 = Debug|Any CPU
		{886172EC-DBCF-4296-A1BA-9970907982F5}.Debug|x64.ActiveCfg = Debug|Any CPU
		{886172EC-DBCF-4296-A1BA-9970907982F5}.Debug|x64.Build.0 = Debug|Any CPU
		{886172EC-DBCF-4296-A1BA-9970907982F5}.Debug|x86.ActiveCfg = Debug|Any CPU
		{886172EC-DBCF-4296-A1BA-9970907982F5}.Debug|x86.Build.0 = Debug|Any CPU
		{886172EC-DBCF-4296-A1BA-9970907982F5}.Release|Any CPU.ActiveCfg = Release|Any CPU
		{886172EC-DBCF-4296-A1BA-9970907982F5}.Release|Any CPU.Build.0 = Release|Any CPU
		{886172EC-DBCF-4296-A1BA-9970907982F5}.Release|x64.ActiveCfg = Release|Any CPU
		{886172EC-DBCF-4296-A1BA-9970907982F5}.Release|x64.Build.0 = Release|Any CPU
		{886172EC-DBCF-4296-A1BA-9970907982F5}.Release|x86.ActiveCfg = Release|Any CPU
		{886172EC-DBCF-4296-A1BA-9970907982F5}.Release|x86.Build.0 = Release|Any CPU
		{886172EC-DBCF-4296-A1BA-9970907982F5}.UAT|Any CPU.ActiveCfg = Debug|Any CPU
		{886172EC-DBCF-4296-A1BA-9970907982F5}.UAT|Any CPU.Build.0 = Debug|Any CPU
		{886172EC-DBCF-4296-A1BA-9970907982F5}.UAT|x64.ActiveCfg = Debug|Any CPU
		{886172EC-DBCF-4296-A1BA-9970907982F5}.UAT|x64.Build.0 = Debug|Any CPU
		{886172EC-DBCF-4296-A1BA-9970907982F5}.UAT|x86.ActiveCfg = Debug|Any CPU
		{886172EC-DBCF-4296-A1BA-9970907982F5}.UAT|x86.Build.0 = Debug|Any CPU
		{7B8F2025-0ACB-4C9C-8E02-0665C4867D54}.Debug|Any CPU.ActiveCfg = Debug|Any CPU
		{7B8F2025-0ACB-4C9C-8E02-0665C4867D54}.Debug|Any CPU.Build.0 = Debug|Any CPU
		{7B8F2025-0ACB-4C9C-8E02-0665C4867D54}.Debug|x64.ActiveCfg = Debug|Any CPU
		{7B8F2025-0ACB-4C9C-8E02-0665C4867D54}.Debug|x64.Build.0 = Debug|Any CPU
		{7B8F2025-0ACB-4C9C-8E02-0665C4867D54}.Debug|x86.ActiveCfg = Debug|Any CPU
		{7B8F2025-0ACB-4C9C-8E02-0665C4867D54}.Debug|x86.Build.0 = Debug|Any CPU
		{7B8F2025-0ACB-4C9C-8E02-0665C4867D54}.Release|Any CPU.ActiveCfg = Release|Any CPU
		{7B8F2025-0ACB-4C9C-8E02-0665C4867D54}.Release|Any CPU.Build.0 = Release|Any CPU
		{7B8F2025-0ACB-4C9C-8E02-0665C4867D54}.Release|x64.ActiveCfg = Release|Any CPU
		{7B8F2025-0ACB-4C9C-8E02-0665C4867D54}.Release|x64.Build.0 = Release|Any CPU
		{7B8F2025-0ACB-4C9C-8E02-0665C4867D54}.Release|x86.ActiveCfg = Release|Any CPU
		{7B8F2025-0ACB-4C9C-8E02-0665C4867D54}.Release|x86.Build.0 = Release|Any CPU
		{7B8F2025-0ACB-4C9C-8E02-0665C4867D54}.UAT|Any CPU.ActiveCfg = Debug|Any CPU
		{7B8F2025-0ACB-4C9C-8E02-0665C4867D54}.UAT|Any CPU.Build.0 = Debug|Any CPU
		{7B8F2025-0ACB-4C9C-8E02-0665C4867D54}.UAT|x64.ActiveCfg = Debug|Any CPU
		{7B8F2025-0ACB-4C9C-8E02-0665C4867D54}.UAT|x64.Build.0 = Debug|Any CPU
		{7B8F2025-0ACB-4C9C-8E02-0665C4867D54}.UAT|x86.ActiveCfg = Debug|Any CPU
		{7B8F2025-0ACB-4C9C-8E02-0665C4867D54}.UAT|x86.Build.0 = Debug|Any CPU
		{F25E4691-AA74-47A7-A25F-F375CCC21720}.Debug|Any CPU.ActiveCfg = Debug|Any CPU
		{F25E4691-AA74-47A7-A25F-F375CCC21720}.Debug|Any CPU.Build.0 = Debug|Any CPU
		{F25E4691-AA74-47A7-A25F-F375CCC21720}.Debug|x64.ActiveCfg = Debug|Any CPU
		{F25E4691-AA74-47A7-A25F-F375CCC21720}.Debug|x64.Build.0 = Debug|Any CPU
		{F25E4691-AA74-47A7-A25F-F375CCC21720}.Debug|x86.ActiveCfg = Debug|Any CPU
		{F25E4691-AA74-47A7-A25F-F375CCC21720}.Debug|x86.Build.0 = Debug|Any CPU
		{F25E4691-AA74-47A7-A25F-F375CCC21720}.Release|Any CPU.ActiveCfg = Release|Any CPU
		{F25E4691-AA74-47A7-A25F-F375CCC21720}.Release|Any CPU.Build.0 = Release|Any CPU
		{F25E4691-AA74-47A7-A25F-F375CCC21720}.Release|x64.ActiveCfg = Release|Any CPU
		{F25E4691-AA74-47A7-A25F-F375CCC21720}.Release|x64.Build.0 = Release|Any CPU
		{F25E4691-AA74-47A7-A25F-F375CCC21720}.Release|x86.ActiveCfg = Release|Any CPU
		{F25E4691-AA74-47A7-A25F-F375CCC21720}.Release|x86.Build.0 = Release|Any CPU
		{F25E4691-AA74-47A7-A25F-F375CCC21720}.UAT|Any CPU.ActiveCfg = Debug|Any CPU
		{F25E4691-AA74-47A7-A25F-F375CCC21720}.UAT|Any CPU.Build.0 = Debug|Any CPU
		{F25E4691-AA74-47A7-A25F-F375CCC21720}.UAT|x64.ActiveCfg = Debug|Any CPU
		{F25E4691-AA74-47A7-A25F-F375CCC21720}.UAT|x64.Build.0 = Debug|Any CPU
		{F25E4691-AA74-47A7-A25F-F375CCC21720}.UAT|x86.ActiveCfg = Debug|Any CPU
		{F25E4691-AA74-47A7-A25F-F375CCC21720}.UAT|x86.Build.0 = Debug|Any CPU
		{2FC2B012-CA3E-4A4F-9784-D8811248B865}.Debug|Any CPU.ActiveCfg = Debug|Any CPU
		{2FC2B012-CA3E-4A4F-9784-D8811248B865}.Debug|Any CPU.Build.0 = Debug|Any CPU
		{2FC2B012-CA3E-4A4F-9784-D8811248B865}.Debug|x64.ActiveCfg = Debug|Any CPU
		{2FC2B012-CA3E-4A4F-9784-D8811248B865}.Debug|x64.Build.0 = Debug|Any CPU
		{2FC2B012-CA3E-4A4F-9784-D8811248B865}.Debug|x86.ActiveCfg = Debug|Any CPU
		{2FC2B012-CA3E-4A4F-9784-D8811248B865}.Debug|x86.Build.0 = Debug|Any CPU
		{2FC2B012-CA3E-4A4F-9784-D8811248B865}.Release|Any CPU.ActiveCfg = Release|Any CPU
		{2FC2B012-CA3E-4A4F-9784-D8811248B865}.Release|Any CPU.Build.0 = Release|Any CPU
		{2FC2B012-CA3E-4A4F-9784-D8811248B865}.Release|x64.ActiveCfg = Release|Any CPU
		{2FC2B012-CA3E-4A4F-9784-D8811248B865}.Release|x64.Build.0 = Release|Any CPU
		{2FC2B012-CA3E-4A4F-9784-D8811248B865}.Release|x86.ActiveCfg = Release|Any CPU
		{2FC2B012-CA3E-4A4F-9784-D8811248B865}.Release|x86.Build.0 = Release|Any CPU
		{2FC2B012-CA3E-4A4F-9784-D8811248B865}.UAT|Any CPU.ActiveCfg = Debug|Any CPU
		{2FC2B012-CA3E-4A4F-9784-D8811248B865}.UAT|Any CPU.Build.0 = Debug|Any CPU
		{2FC2B012-CA3E-4A4F-9784-D8811248B865}.UAT|x64.ActiveCfg = Debug|Any CPU
		{2FC2B012-CA3E-4A4F-9784-D8811248B865}.UAT|x64.Build.0 = Debug|Any CPU
		{2FC2B012-CA3E-4A4F-9784-D8811248B865}.UAT|x86.ActiveCfg = Debug|Any CPU
		{2FC2B012-CA3E-4A4F-9784-D8811248B865}.UAT|x86.Build.0 = Debug|Any CPU
		{92643788-1F7D-48F3-8C43-62D106541DB1}.Debug|Any CPU.ActiveCfg = Debug|Any CPU
		{92643788-1F7D-48F3-8C43-62D106541DB1}.Debug|Any CPU.Build.0 = Debug|Any CPU
		{92643788-1F7D-48F3-8C43-62D106541DB1}.Debug|x64.ActiveCfg = Debug|Any CPU
		{92643788-1F7D-48F3-8C43-62D106541DB1}.Debug|x64.Build.0 = Debug|Any CPU
		{92643788-1F7D-48F3-8C43-62D106541DB1}.Debug|x86.ActiveCfg = Debug|Any CPU
		{92643788-1F7D-48F3-8C43-62D106541DB1}.Debug|x86.Build.0 = Debug|Any CPU
		{92643788-1F7D-48F3-8C43-62D106541DB1}.Release|Any CPU.ActiveCfg = Release|Any CPU
		{92643788-1F7D-48F3-8C43-62D106541DB1}.Release|Any CPU.Build.0 = Release|Any CPU
		{92643788-1F7D-48F3-8C43-62D106541DB1}.Release|x64.ActiveCfg = Release|Any CPU
		{92643788-1F7D-48F3-8C43-62D106541DB1}.Release|x64.Build.0 = Release|Any CPU
		{92643788-1F7D-48F3-8C43-62D106541DB1}.Release|x86.ActiveCfg = Release|Any CPU
		{92643788-1F7D-48F3-8C43-62D106541DB1}.Release|x86.Build.0 = Release|Any CPU
		{92643788-1F7D-48F3-8C43-62D106541DB1}.UAT|Any CPU.ActiveCfg = Debug|Any CPU
		{92643788-1F7D-48F3-8C43-62D106541DB1}.UAT|Any CPU.Build.0 = Debug|Any CPU
		{92643788-1F7D-48F3-8C43-62D106541DB1}.UAT|x64.ActiveCfg = Debug|Any CPU
		{92643788-1F7D-48F3-8C43-62D106541DB1}.UAT|x64.Build.0 = Debug|Any CPU
		{92643788-1F7D-48F3-8C43-62D106541DB1}.UAT|x86.ActiveCfg = Debug|Any CPU
		{92643788-1F7D-48F3-8C43-62D106541DB1}.UAT|x86.Build.0 = Debug|Any CPU
		{45E1684D-D2A5-42F6-9B87-5AB9BD9CA2A9}.Debug|Any CPU.ActiveCfg = Debug|Any CPU
		{45E1684D-D2A5-42F6-9B87-5AB9BD9CA2A9}.Debug|Any CPU.Build.0 = Debug|Any CPU
		{45E1684D-D2A5-42F6-9B87-5AB9BD9CA2A9}.Debug|x64.ActiveCfg = Debug|Any CPU
		{45E1684D-D2A5-42F6-9B87-5AB9BD9CA2A9}.Debug|x64.Build.0 = Debug|Any CPU
		{45E1684D-D2A5-42F6-9B87-5AB9BD9CA2A9}.Debug|x86.ActiveCfg = Debug|Any CPU
		{45E1684D-D2A5-42F6-9B87-5AB9BD9CA2A9}.Debug|x86.Build.0 = Debug|Any CPU
		{45E1684D-D2A5-42F6-9B87-5AB9BD9CA2A9}.Release|Any CPU.ActiveCfg = Release|Any CPU
		{45E1684D-D2A5-42F6-9B87-5AB9BD9CA2A9}.Release|Any CPU.Build.0 = Release|Any CPU
		{45E1684D-D2A5-42F6-9B87-5AB9BD9CA2A9}.Release|x64.ActiveCfg = Release|Any CPU
		{45E1684D-D2A5-42F6-9B87-5AB9BD9CA2A9}.Release|x64.Build.0 = Release|Any CPU
		{45E1684D-D2A5-42F6-9B87-5AB9BD9CA2A9}.Release|x86.ActiveCfg = Release|Any CPU
		{45E1684D-D2A5-42F6-9B87-5AB9BD9CA2A9}.Release|x86.Build.0 = Release|Any CPU
		{45E1684D-D2A5-42F6-9B87-5AB9BD9CA2A9}.UAT|Any CPU.ActiveCfg = Debug|Any CPU
		{45E1684D-D2A5-42F6-9B87-5AB9BD9CA2A9}.UAT|Any CPU.Build.0 = Debug|Any CPU
		{45E1684D-D2A5-42F6-9B87-5AB9BD9CA2A9}.UAT|x64.ActiveCfg = Debug|Any CPU
		{45E1684D-D2A5-42F6-9B87-5AB9BD9CA2A9}.UAT|x64.Build.0 = Debug|Any CPU
		{45E1684D-D2A5-42F6-9B87-5AB9BD9CA2A9}.UAT|x86.ActiveCfg = Debug|Any CPU
		{45E1684D-D2A5-42F6-9B87-5AB9BD9CA2A9}.UAT|x86.Build.0 = Debug|Any CPU
		{90798A89-739A-4DD0-9355-85C0142509F4}.Debug|Any CPU.ActiveCfg = Debug|Any CPU
		{90798A89-739A-4DD0-9355-85C0142509F4}.Debug|Any CPU.Build.0 = Debug|Any CPU
		{90798A89-739A-4DD0-9355-85C0142509F4}.Debug|x64.ActiveCfg = Debug|Any CPU
		{90798A89-739A-4DD0-9355-85C0142509F4}.Debug|x64.Build.0 = Debug|Any CPU
		{90798A89-739A-4DD0-9355-85C0142509F4}.Debug|x86.ActiveCfg = Debug|Any CPU
		{90798A89-739A-4DD0-9355-85C0142509F4}.Debug|x86.Build.0 = Debug|Any CPU
		{90798A89-739A-4DD0-9355-85C0142509F4}.Release|Any CPU.ActiveCfg = Release|Any CPU
		{90798A89-739A-4DD0-9355-85C0142509F4}.Release|Any CPU.Build.0 = Release|Any CPU
		{90798A89-739A-4DD0-9355-85C0142509F4}.Release|x64.ActiveCfg = Release|Any CPU
		{90798A89-739A-4DD0-9355-85C0142509F4}.Release|x64.Build.0 = Release|Any CPU
		{90798A89-739A-4DD0-9355-85C0142509F4}.Release|x86.ActiveCfg = Release|Any CPU
		{90798A89-739A-4DD0-9355-85C0142509F4}.Release|x86.Build.0 = Release|Any CPU
		{90798A89-739A-4DD0-9355-85C0142509F4}.UAT|Any CPU.ActiveCfg = Debug|Any CPU
		{90798A89-739A-4DD0-9355-85C0142509F4}.UAT|Any CPU.Build.0 = Debug|Any CPU
		{90798A89-739A-4DD0-9355-85C0142509F4}.UAT|x64.ActiveCfg = Debug|Any CPU
		{90798A89-739A-4DD0-9355-85C0142509F4}.UAT|x64.Build.0 = Debug|Any CPU
		{90798A89-739A-4DD0-9355-85C0142509F4}.UAT|x86.ActiveCfg = Debug|Any CPU
		{90798A89-739A-4DD0-9355-85C0142509F4}.UAT|x86.Build.0 = Debug|Any CPU
		{0642E551-AFFA-49CD-B467-7C022597681B}.Debug|Any CPU.ActiveCfg = Debug|Any CPU
		{0642E551-AFFA-49CD-B467-7C022597681B}.Debug|Any CPU.Build.0 = Debug|Any CPU
		{0642E551-AFFA-49CD-B467-7C022597681B}.Debug|x64.ActiveCfg = Debug|Any CPU
		{0642E551-AFFA-49CD-B467-7C022597681B}.Debug|x64.Build.0 = Debug|Any CPU
		{0642E551-AFFA-49CD-B467-7C022597681B}.Debug|x86.ActiveCfg = Debug|Any CPU
		{0642E551-AFFA-49CD-B467-7C022597681B}.Debug|x86.Build.0 = Debug|Any CPU
		{0642E551-AFFA-49CD-B467-7C022597681B}.Release|Any CPU.ActiveCfg = Release|Any CPU
		{0642E551-AFFA-49CD-B467-7C022597681B}.Release|Any CPU.Build.0 = Release|Any CPU
		{0642E551-AFFA-49CD-B467-7C022597681B}.Release|x64.ActiveCfg = Release|Any CPU
		{0642E551-AFFA-49CD-B467-7C022597681B}.Release|x64.Build.0 = Release|Any CPU
		{0642E551-AFFA-49CD-B467-7C022597681B}.Release|x86.ActiveCfg = Release|Any CPU
		{0642E551-AFFA-49CD-B467-7C022597681B}.Release|x86.Build.0 = Release|Any CPU
		{0642E551-AFFA-49CD-B467-7C022597681B}.UAT|Any CPU.ActiveCfg = Debug|Any CPU
		{0642E551-AFFA-49CD-B467-7C022597681B}.UAT|Any CPU.Build.0 = Debug|Any CPU
		{0642E551-AFFA-49CD-B467-7C022597681B}.UAT|x64.ActiveCfg = Debug|Any CPU
		{0642E551-AFFA-49CD-B467-7C022597681B}.UAT|x64.Build.0 = Debug|Any CPU
		{0642E551-AFFA-49CD-B467-7C022597681B}.UAT|x86.ActiveCfg = Debug|Any CPU
		{0642E551-AFFA-49CD-B467-7C022597681B}.UAT|x86.Build.0 = Debug|Any CPU
		{78618B88-AFFD-478C-AEE4-E469916FEF53}.Debug|Any CPU.ActiveCfg = Debug|Any CPU
		{78618B88-AFFD-478C-AEE4-E469916FEF53}.Debug|Any CPU.Build.0 = Debug|Any CPU
		{78618B88-AFFD-478C-AEE4-E469916FEF53}.Debug|x64.ActiveCfg = Debug|Any CPU
		{78618B88-AFFD-478C-AEE4-E469916FEF53}.Debug|x64.Build.0 = Debug|Any CPU
		{78618B88-AFFD-478C-AEE4-E469916FEF53}.Debug|x86.ActiveCfg = Debug|Any CPU
		{78618B88-AFFD-478C-AEE4-E469916FEF53}.Debug|x86.Build.0 = Debug|Any CPU
		{78618B88-AFFD-478C-AEE4-E469916FEF53}.Release|Any CPU.ActiveCfg = Release|Any CPU
		{78618B88-AFFD-478C-AEE4-E469916FEF53}.Release|Any CPU.Build.0 = Release|Any CPU
		{78618B88-AFFD-478C-AEE4-E469916FEF53}.Release|x64.ActiveCfg = Release|Any CPU
		{78618B88-AFFD-478C-AEE4-E469916FEF53}.Release|x64.Build.0 = Release|Any CPU
		{78618B88-AFFD-478C-AEE4-E469916FEF53}.Release|x86.ActiveCfg = Release|Any CPU
		{78618B88-AFFD-478C-AEE4-E469916FEF53}.Release|x86.Build.0 = Release|Any CPU
		{78618B88-AFFD-478C-AEE4-E469916FEF53}.UAT|Any CPU.ActiveCfg = Debug|Any CPU
		{78618B88-AFFD-478C-AEE4-E469916FEF53}.UAT|Any CPU.Build.0 = Debug|Any CPU
		{78618B88-AFFD-478C-AEE4-E469916FEF53}.UAT|x64.ActiveCfg = Debug|Any CPU
		{78618B88-AFFD-478C-AEE4-E469916FEF53}.UAT|x64.Build.0 = Debug|Any CPU
		{78618B88-AFFD-478C-AEE4-E469916FEF53}.UAT|x86.ActiveCfg = Debug|Any CPU
		{78618B88-AFFD-478C-AEE4-E469916FEF53}.UAT|x86.Build.0 = Debug|Any CPU
		{ADFD90C3-94A7-4F56-A067-E42BC8B82A4F}.Debug|Any CPU.ActiveCfg = Debug|Any CPU
		{ADFD90C3-94A7-4F56-A067-E42BC8B82A4F}.Debug|Any CPU.Build.0 = Debug|Any CPU
		{ADFD90C3-94A7-4F56-A067-E42BC8B82A4F}.Debug|x64.ActiveCfg = Debug|Any CPU
		{ADFD90C3-94A7-4F56-A067-E42BC8B82A4F}.Debug|x64.Build.0 = Debug|Any CPU
		{ADFD90C3-94A7-4F56-A067-E42BC8B82A4F}.Debug|x86.ActiveCfg = Debug|Any CPU
		{ADFD90C3-94A7-4F56-A067-E42BC8B82A4F}.Debug|x86.Build.0 = Debug|Any CPU
		{ADFD90C3-94A7-4F56-A067-E42BC8B82A4F}.Release|Any CPU.ActiveCfg = Release|Any CPU
		{ADFD90C3-94A7-4F56-A067-E42BC8B82A4F}.Release|Any CPU.Build.0 = Release|Any CPU
		{ADFD90C3-94A7-4F56-A067-E42BC8B82A4F}.Release|x64.ActiveCfg = Release|Any CPU
		{ADFD90C3-94A7-4F56-A067-E42BC8B82A4F}.Release|x64.Build.0 = Release|Any CPU
		{ADFD90C3-94A7-4F56-A067-E42BC8B82A4F}.Release|x86.ActiveCfg = Release|Any CPU
		{ADFD90C3-94A7-4F56-A067-E42BC8B82A4F}.Release|x86.Build.0 = Release|Any CPU
		{ADFD90C3-94A7-4F56-A067-E42BC8B82A4F}.UAT|Any CPU.ActiveCfg = Debug|Any CPU
		{ADFD90C3-94A7-4F56-A067-E42BC8B82A4F}.UAT|Any CPU.Build.0 = Debug|Any CPU
		{ADFD90C3-94A7-4F56-A067-E42BC8B82A4F}.UAT|x64.ActiveCfg = Debug|Any CPU
		{ADFD90C3-94A7-4F56-A067-E42BC8B82A4F}.UAT|x64.Build.0 = Debug|Any CPU
		{ADFD90C3-94A7-4F56-A067-E42BC8B82A4F}.UAT|x86.ActiveCfg = Debug|Any CPU
		{ADFD90C3-94A7-4F56-A067-E42BC8B82A4F}.UAT|x86.Build.0 = Debug|Any CPU
		{37A0B05E-C4E9-466A-920C-44C2A0330A1E}.Debug|Any CPU.ActiveCfg = Debug|Any CPU
		{37A0B05E-C4E9-466A-920C-44C2A0330A1E}.Debug|Any CPU.Build.0 = Debug|Any CPU
		{37A0B05E-C4E9-466A-920C-44C2A0330A1E}.Debug|x64.ActiveCfg = Debug|Any CPU
		{37A0B05E-C4E9-466A-920C-44C2A0330A1E}.Debug|x64.Build.0 = Debug|Any CPU
		{37A0B05E-C4E9-466A-920C-44C2A0330A1E}.Debug|x86.ActiveCfg = Debug|Any CPU
		{37A0B05E-C4E9-466A-920C-44C2A0330A1E}.Debug|x86.Build.0 = Debug|Any CPU
		{37A0B05E-C4E9-466A-920C-44C2A0330A1E}.Release|Any CPU.ActiveCfg = Release|Any CPU
		{37A0B05E-C4E9-466A-920C-44C2A0330A1E}.Release|Any CPU.Build.0 = Release|Any CPU
		{37A0B05E-C4E9-466A-920C-44C2A0330A1E}.Release|x64.ActiveCfg = Release|Any CPU
		{37A0B05E-C4E9-466A-920C-44C2A0330A1E}.Release|x64.Build.0 = Release|Any CPU
		{37A0B05E-C4E9-466A-920C-44C2A0330A1E}.Release|x86.ActiveCfg = Release|Any CPU
		{37A0B05E-C4E9-466A-920C-44C2A0330A1E}.Release|x86.Build.0 = Release|Any CPU
		{37A0B05E-C4E9-466A-920C-44C2A0330A1E}.UAT|Any CPU.ActiveCfg = Debug|Any CPU
		{37A0B05E-C4E9-466A-920C-44C2A0330A1E}.UAT|Any CPU.Build.0 = Debug|Any CPU
		{37A0B05E-C4E9-466A-920C-44C2A0330A1E}.UAT|x64.ActiveCfg = Debug|Any CPU
		{37A0B05E-C4E9-466A-920C-44C2A0330A1E}.UAT|x64.Build.0 = Debug|Any CPU
		{37A0B05E-C4E9-466A-920C-44C2A0330A1E}.UAT|x86.ActiveCfg = Debug|Any CPU
		{37A0B05E-C4E9-466A-920C-44C2A0330A1E}.UAT|x86.Build.0 = Debug|Any CPU
	EndGlobalSection
	GlobalSection(SolutionProperties) = preSolution
		HideSolutionNode = FALSE
	EndGlobalSection
	GlobalSection(NestedProjects) = preSolution
		{17D0692F-E00F-4E34-B387-D7E0476BDEA2} = {54D92B9E-49A9-486C-B4D4-258CAEA79EE3}
		{333B4824-1DF0-4FF2-8AF4-AF23F12988A4} = {F3B7471E-7DA8-4908-8EB5-03FB841722C1}
		{88F57CFE-0C3C-4DA8-8EFB-0A6883B74B6C} = {17D0692F-E00F-4E34-B387-D7E0476BDEA2}
		{0046F557-B9E1-4074-8C77-50A590B851B0} = {17D0692F-E00F-4E34-B387-D7E0476BDEA2}
		{B7FDDC12-BA69-4FEB-B8E2-41799921F1AC} = {17D0692F-E00F-4E34-B387-D7E0476BDEA2}
		{C71B3D5A-D72A-4356-A60E-783DFC175AFF} = {F3B7471E-7DA8-4908-8EB5-03FB841722C1}
		{C9ED1518-9DFD-404C-8F83-D0C9C69BACD4} = {FA062B0B-D579-4F6B-8621-AD8263DAA421}
		{2E925527-880A-43E7-9009-8FEB92E955A3} = {EF48CD01-35FB-4B06-A360-4A3006BD71F4}
		{886172EC-DBCF-4296-A1BA-9970907982F5} = {EF48CD01-35FB-4B06-A360-4A3006BD71F4}
		{7B8F2025-0ACB-4C9C-8E02-0665C4867D54} = {FA062B0B-D579-4F6B-8621-AD8263DAA421}
		{F25E4691-AA74-47A7-A25F-F375CCC21720} = {9E9D1513-E803-4F15-BFC2-AAC39F606B14}
		{2FC2B012-CA3E-4A4F-9784-D8811248B865} = {9E9D1513-E803-4F15-BFC2-AAC39F606B14}
		{92643788-1F7D-48F3-8C43-62D106541DB1} = {1249AD30-B274-4257-A6B0-A8BE11330447}
		{45E1684D-D2A5-42F6-9B87-5AB9BD9CA2A9} = {1249AD30-B274-4257-A6B0-A8BE11330447}
		{EF48CD01-35FB-4B06-A360-4A3006BD71F4} = {9E9D1513-E803-4F15-BFC2-AAC39F606B14}
		{90798A89-739A-4DD0-9355-85C0142509F4} = {F3B7471E-7DA8-4908-8EB5-03FB841722C1}
		{0642E551-AFFA-49CD-B467-7C022597681B} = {1249AD30-B274-4257-A6B0-A8BE11330447}
		{1249AD30-B274-4257-A6B0-A8BE11330447} = {9E9D1513-E803-4F15-BFC2-AAC39F606B14}
		{78618B88-AFFD-478C-AEE4-E469916FEF53} = {1249AD30-B274-4257-A6B0-A8BE11330447}
		{FA062B0B-D579-4F6B-8621-AD8263DAA421} = {9E9D1513-E803-4F15-BFC2-AAC39F606B14}
		{A2ACADC2-B680-456A-9AE3-CD63D7A4A5B3} = {9E9D1513-E803-4F15-BFC2-AAC39F606B14}
		{ADFD90C3-94A7-4F56-A067-E42BC8B82A4F} = {A2ACADC2-B680-456A-9AE3-CD63D7A4A5B3}
		{37A0B05E-C4E9-466A-920C-44C2A0330A1E} = {A2ACADC2-B680-456A-9AE3-CD63D7A4A5B3}
	EndGlobalSection
	GlobalSection(ExtensibilityGlobals) = postSolution
		SolutionGuid = {1EEC0069-A423-4984-8AA5-2133CBB1B593}
	EndGlobalSection
EndGlobal
